
Microsoft Visual Studio Solution File, Format Version 12.00
# Visual Studio 15
VisualStudioVersion = 15.0.33801.198
MinimumVisualStudioVersion = 10.0.40219.1
Project("{FAE04EC0-301F-11D3-BF4B-00C04F79EFBC}") = "ProcesoGrud", "ProcesoGrud\ProcesoGrud.csproj", "{8E41B697-94F8-4A26-9215-FE4C122D013B}"
EndProject
Global
	GlobalSection(SolutionConfigurationPlatforms) = preSolution
		Debug|Any CPU = Debug|Any CPU
		Release|Any CPU = Release|Any CPU
	EndGlobalSection
	GlobalSection(ProjectConfigurationPlatforms) = postSolution
		{8E41B697-94F8-4A26-9215-FE4C122D013B}.Debug|Any CPU.ActiveCfg = Debug|Any CPU
		{8E41B697-94F8-4A26-9215-FE4C122D013B}.Debug|Any CPU.Build.0 = Debug|Any CPU
		{8E41B697-94F8-4A26-9215-FE4C122D013B}.Release|Any CPU.ActiveCfg = Release|Any CPU
		{8E41B697-94F8-4A26-9215-FE4C122D013B}.Release|Any CPU.Build.0 = Release|Any CPU
	EndGlobalSection
	GlobalSection(SolutionProperties) = preSolution
		HideSolutionNode = FALSE
	EndGlobalSection
	GlobalSection(ExtensibilityGlobals) = postSolution
		SolutionGuid = {48E98C35-87FD-46AC-848D-D84FF633BCE5}
	EndGlobalSection
EndGlobal
